<?xml version="1.0" encoding="utf-8"?>
<Project ToolsVersion="4.0" xmlns="http://schemas.microsoft.com/developer/msbuild/2003">
  <ItemGroup>
    <Filter Include="Generated Files">
      <UniqueIdentifier>{71ED8ED8-ACB9-4CE9-BBE1-E00B30144E11}</UniqueIdentifier>
      <Extensions>moc;h;cpp</Extensions>
      <ParseFiles>true</ParseFiles>
    </Filter>
    <Filter Include="Generated Files\Debug">
      <UniqueIdentifier>{c83cba08-3022-4e53-84f6-776563cfadab}</UniqueIdentifier>
      <Extensions>cpp;moc</Extensions>
      <SourceControlFiles>False</SourceControlFiles>
    </Filter>
    <Filter Include="Generated Files\Release">
      <UniqueIdentifier>{2ca88db5-41db-4633-bafb-8381dcc529b5}</UniqueIdentifier>
      <Extensions>cpp;moc</Extensions>
      <SourceControlFiles>False</SourceControlFiles>
    </Filter>
    <Filter Include="Src">
      <UniqueIdentifier>{4FC737F1-C7A5-4376-A066-2A32D752A2FF}</UniqueIdentifier>
      <Extensions>cpp;cxx;c;def</Extensions>
      <ParseFiles>true</ParseFiles>
    </Filter>
    <Filter Include="Src\Parser">
      <UniqueIdentifier>{6879b9f6-0b67-43f8-9f45-04b4271a4874}</UniqueIdentifier>
    </Filter>
    <Filter Include="Src\Graph">
      <UniqueIdentifier>{88b6f573-a6de-41a0-9828-cbc0c85920ad}</UniqueIdentifier>
    </Filter>
    <Filter Include="Src\Mocker">
      <UniqueIdentifier>{0ce82d0b-374f-4840-9258-42f0750d0b2a}</UniqueIdentifier>
    </Filter>
  </ItemGroup>
  <ItemGroup>
    <ClCompile Include="..\..\Src\Tests\Parser\Test_Parser.cpp">
      <Filter>Src\Parser</Filter>
    </ClCompile>
    <ClCompile Include="..\..\Src\Tests\Graph\Test_TypeExpression.cpp">
      <Filter>Src\Graph</Filter>
    </ClCompile>
    <ClCompile Include="..\..\Src\Tests\Graph\Test_Function.cpp">
      <Filter>Src\Graph</Filter>
    </ClCompile>
    <ClCompile Include="..\..\Src\Tests\Graph\Test_ControlStructure.cpp">
      <Filter>Src\Graph</Filter>
    </ClCompile>
    <ClCompile Include="..\..\Src\Tests\Graph\Test_Variable.cpp">
      <Filter>Src\Graph</Filter>
    </ClCompile>
    <ClCompile Include="..\..\Src\Tests\Mocker\Test_Mocker.cpp">
      <Filter>Src\Mocker</Filter>
    </ClCompile>
    <ClCompile Include="..\..\Src\Tests\Tests.cpp">
      <Filter>Src</Filter>
    </ClCompile>
    <ClCompile Include="..\..\Src\Tests\Graph\Test_Class.cpp">
      <Filter>Src\Graph</Filter>
    </ClCompile>
    <ClCompile Include="..\..\Src\Tests\Graph\Test_Expression.cpp">
      <Filter>Src\Graph</Filter>
    </ClCompile>
  </ItemGroup>
  <ItemGroup>
    <ClInclude Include="..\..\Src\Tests\Tests.h">
      <Filter>Src</Filter>
    </ClInclude>
  </ItemGroup>
</Project>