<?xml version="1.0" encoding="utf-8"?>
<Project ToolsVersion="4.0" xmlns="http://schemas.microsoft.com/developer/msbuild/2003">
  <ItemGroup>
    <Filter Include="Generated Files">
      <UniqueIdentifier>{71ED8ED8-ACB9-4CE9-BBE1-E00B30144E11}</UniqueIdentifier>
      <Extensions>moc;h;cpp</Extensions>
      <ParseFiles>true</ParseFiles>
    </Filter>
    <Filter Include="Generated Files\Debug">
      <UniqueIdentifier>{40f26bfb-5898-439d-8040-8858daff41c0}</UniqueIdentifier>
      <Extensions>cpp;moc</Extensions>
      <SourceControlFiles>False</SourceControlFiles>
    </Filter>
    <Filter Include="Generated Files\Release">
      <UniqueIdentifier>{7921d96d-210f-475b-9db7-3ae988dd3e4d}</UniqueIdentifier>
      <Extensions>cpp;moc</Extensions>
      <SourceControlFiles>False</SourceControlFiles>
    </Filter>
    <Filter Include="Src">
      <UniqueIdentifier>{ba955cac-80d4-4bbe-a47f-a552f5e83484}</UniqueIdentifier>
    </Filter>
    <Filter Include="Src\qml">
      <UniqueIdentifier>{4d7bd1be-ac3c-4585-8451-c6dacc0d0e41}</UniqueIdentifier>
    </Filter>
  </ItemGroup>
  <ItemGroup>
    <ClCompile Include="GeneratedFiles\Debug\moc_CppCompiler.cpp">
      <Filter>Generated Files\Debug</Filter>
    </ClCompile>
    <ClCompile Include="GeneratedFiles\Release\moc_CppCompiler.cpp">
      <Filter>Generated Files\Release</Filter>
    </ClCompile>
    <ClCompile Include="..\..\Src\Application\CppCompiler.cpp">
      <Filter>Src</Filter>
    </ClCompile>
    <ClCompile Include="..\..\Src\Application\Main.cpp">
      <Filter>Src</Filter>
    </ClCompile>
    <ClCompile Include="GeneratedFiles\qrc_Main.cpp">
      <Filter>Generated Files</Filter>
    </ClCompile>
    <ClCompile Include="..\..\Src\Application\Application.cpp">
      <Filter>Src</Filter>
    </ClCompile>
    <ClCompile Include="GeneratedFiles\Debug\moc_Application.cpp">
      <Filter>Generated Files\Debug</Filter>
    </ClCompile>
    <ClCompile Include="GeneratedFiles\Release\moc_Application.cpp">
      <Filter>Generated Files\Release</Filter>
    </ClCompile>
  </ItemGroup>
  <ItemGroup>
    <CustomBuild Include="..\..\Src\Application\CppCompiler.h">
      <Filter>Src</Filter>
    </CustomBuild>
    <CustomBuild Include="..\..\Src\Application\qml\Main.qrc">
      <Filter>Src\qml</Filter>
    </CustomBuild>
    <CustomBuild Include="..\..\Src\Application\Application.h">
      <Filter>Src</Filter>
    </CustomBuild>
  </ItemGroup>
  <ItemGroup>
    <None Include="..\..\Src\Application\qml\Main.qml">
      <Filter>Src\qml</Filter>
    </None>
  </ItemGroup>
</Project>